
Microsoft Visual Studio Solution File, Format Version 12.00
# Visual Studio Version 17
VisualStudioVersion = 17.8.34330.188
MinimumVisualStudioVersion = 10.0.40219.1
Project("{FAE04EC0-301F-11D3-BF4B-00C04F79EFBC}") = "BookShopWeb", "BookShopWeb\BookShopWeb.csproj", "{761E8FA8-D159-4FE3-B390-450D162DA012}"
EndProject
Global
	GlobalSection(SolutionConfigurationPlatforms) = preSolution
		Debug|Any CPU = Debug|Any CPU
		Release|Any CPU = Release|Any CPU
	EndGlobalSection
	GlobalSection(ProjectConfigurationPlatforms) = postSolution
		{761E8FA8-D159-4FE3-B390-450D162DA012}.Debug|Any CPU.ActiveCfg = Debug|Any CPU
		{761E8FA8-D159-4FE3-B390-450D162DA012}.Debug|Any CPU.Build.0 = Debug|Any CPU
		{761E8FA8-D159-4FE3-B390-450D162DA012}.Release|Any CPU.ActiveCfg = Release|Any CPU
		{761E8FA8-D159-4FE3-B390-450D162DA012}.Release|Any CPU.Build.0 = Release|Any CPU
	EndGlobalSection
	GlobalSection(SolutionProperties) = preSolution
		HideSolutionNode = FALSE
	EndGlobalSection
	GlobalSection(ExtensibilityGlobals) = postSolution
		SolutionGuid = {78B87595-010A-4468-AD08-07FDB0775777}
	EndGlobalSection
EndGlobal
